github.com/LNA-DEV/hugo-theme-gallery v0.0.0-20231008182008-0e5385f1a872 h1:UEhvBYW6iQPo5dj9m52o47hD6mDefcpJS+YRePwOyfE=
github.com/LNA-DEV/hugo-theme-gallery v0.0.0-20231008182008-0e5385f1a872/go.mod h1:4fpZVOPPEnGiwsACD1bAIQjzZEhpdFIVfKrVoCgAqMs=
github.com/nicokaiser/hugo-theme-gallery v0.0.0-20230914160150-063e068b656d h1:YEfQkMareF2miM2qiCXDcBC8bHo1V0FVUTrbJrwfj+0=
github.com/nicokaiser/hugo-theme-gallery v0.0.0-20230914160150-063e068b656d/go.mod h1:DKnn4hE1/Z7pKoXSr42kBiRNn1Th3RW57oYoDQIx4gM=
